Microsoft Visual Studio Solution File, Format Version 12.00
# Visual Studio Version 17
VisualStudioVersion = 17.5.2.0
MinimumVisualStudioVersion = 10.0.40219.1
Project("{FAE04EC0-301F-11D3-BF4B-00C04F79EFBC}") = "MBOXtoEML", "MBOXtoEML.csproj", "{A371A05A-9497-2CF3-929C-91012BEE6618}"
EndProject
Global
	GlobalSection(SolutionConfigurationPlatforms) = preSolution
		Debug|Any CPU = Debug|Any CPU
		Release|Any CPU = Release|Any CPU
	EndGlobalSection
	GlobalSection(ProjectConfigurationPlatforms) = postSolution
		{A371A05A-9497-2CF3-929C-91012BEE6618}.Debug|Any CPU.ActiveCfg = Debug|Any CPU
		{A371A05A-9497-2CF3-929C-91012BEE6618}.Debug|Any CPU.Build.0 = Debug|Any CPU
		{A371A05A-9497-2CF3-929C-91012BEE6618}.Release|Any CPU.ActiveCfg = Release|Any CPU
		{A371A05A-9497-2CF3-929C-91012BEE6618}.Release|Any CPU.Build.0 = Release|Any CPU
	EndGlobalSection
	GlobalSection(SolutionProperties) = preSolution
		HideSolutionNode = FALSE
	EndGlobalSection
	GlobalSection(ExtensibilityGlobals) = postSolution
		SolutionGuid = {08233A6E-1D61-4673-9C90-07FDD60230A2}
	EndGlobalSection
EndGlobal
